
Microsoft Visual Studio Solution File, Format Version 12.00
# Visual Studio Version 17
VisualStudioVersion = 17.4.33213.308
MinimumVisualStudioVersion = 10.0.40219.1
Project("{FAE04EC0-301F-11D3-BF4B-00C04F79EFBC}") = "Line-Comparison", "Line-Comparison.csproj", "{332FD091-816E-4AB2-9A35-C4C758D775F7}"
EndProject
Global
	GlobalSection(SolutionConfigurationPlatforms) = preSolution
		Debug|Any CPU = Debug|Any CPU
		Release|Any CPU = Release|Any CPU
	EndGlobalSection
	GlobalSection(ProjectConfigurationPlatforms) = postSolution
		{332FD091-816E-4AB2-9A35-C4C758D775F7}.Debug|Any CPU.ActiveCfg = Debug|Any CPU
		{332FD091-816E-4AB2-9A35-C4C758D775F7}.Debug|Any CPU.Build.0 = Debug|Any CPU
		{332FD091-816E-4AB2-9A35-C4C758D775F7}.Release|Any CPU.ActiveCfg = Release|Any CPU
		{332FD091-816E-4AB2-9A35-C4C758D775F7}.Release|Any CPU.Build.0 = Release|Any CPU
	EndGlobalSection
	GlobalSection(SolutionProperties) = preSolution
		HideSolutionNode = FALSE
	EndGlobalSection
	GlobalSection(ExtensibilityGlobals) = postSolution
		SolutionGuid = {957BB3C7-F996-4351-86CC-0D3CAB18B93D}
	EndGlobalSection
EndGlobal
